{
  "name": "movie",
  "version": "1.0.0",
  "lockfileVersion": 1,
  "requires": true,
  "dependencies": {
    "@vant/weapp": {
      "version": "1.7.1",
      "resolved": "https://registry.npmjs.org/@vant/weapp/-/weapp-1.7.1.tgz",
      "integrity": "sha512-dksvR66tKM3VenBor2bWV7/jQqTTJ9HjIJgbT7HskibH1zTSgCGrD3jwHP8efXlSVgicjUVnVhsc/rNNq9LTrw=="
    },
    "weui-wxss": {
      "version": "2.4.4",
      "resolved": "https://registry.npmjs.org/weui-wxss/-/weui-wxss-2.4.4.tgz",
      "integrity": "sha512-C+ODhkrBUNNYSKHYmyWO/qnlz7AmJyuh/z71jGDiXfPnDnNypt3zy1bFp01sYuI2JYyrnsKBAk3TB8R/7wRu8w=="
    }
  }
}
